// !$*UTF8*$!
{
	archiveVersion = 1;
	classes = {
	};
	objectVersion = 46;
	objects = {

/* Begin PBXBuildFile section */
		49827A681C81FA980034A3A0 /* main.m in Sources */ = {isa = PBXBuildFile; fileRef = 49827A671C81FA980034A3A0 /* main.m */; };
		49827A6B1C81FA980034A3A0 /* AppDelegate.m in Sources */ = {isa = PBXBuildFile; fileRef = 49827A6A1C81FA980034A3A0 /* AppDelegate.m */; };
		49827A6E1C81FA980034A3A0 /* ViewController.m in Sources */ = {isa = PBXBuildFile; fileRef = 49827A6D1C81FA980034A3A0 /* ViewController.m */; };
		49827A711C81FA980034A3A0 /* Main.storyboard in Resources */ = {isa = PBXBuildFile; fileRef = 49827A6F1C81FA980034A3A0 /* Main.storyboard */; };
		49827A731C81FA980034A3A0 /* Assets.xcassets in Resources */ = {isa = PBXBuildFile; fileRef = 49827A721C81FA980034A3A0 /* Assets.xcassets */; };
		49827A761C81FA980034A3A0 /* LaunchScreen.storyboard in Resources */ = {isa = PBXBuildFile; fileRef = 49827A741C81FA980034A3A0 /* LaunchScreen.storyboard */; };
		49827A911C81FE830034A3A0 /* DemoAPI.m in Sources */ = {isa = PBXBuildFile; fileRef = 49827A901C81FE830034A3A0 /* DemoAPI.m */; };
		49827A941C820B190034A3A0 /* AFNetworkingClient.m in Sources */ = {isa = PBXBuildFile; fileRef = 49827A931C820B190034A3A0 /* AFNetworkingClient.m */; };
		49827A961C8216B50034A3A0 /* DemoAPITest.m in Sources */ = {isa = PBXBuildFile; fileRef = 49827A951C8216B50034A3A0 /* DemoAPITest.m */; };
		49827A9D1C82CCF10034A3A0 /* DemoService.m in Sources */ = {isa = PBXBuildFile; fileRef = 49827A9C1C82CCF10034A3A0 /* DemoService.m */; };
		49827AA01C82CECC0034A3A0 /* DemoService_Swift.swift in Sources */ = {isa = PBXBuildFile; fileRef = 49827A9F1C82CECC0034A3A0 /* DemoService_Swift.swift */; };
		49827AA21C82D1800034A3A0 /* Test.swift in Sources */ = {isa = PBXBuildFile; fileRef = 49827AA11C82D1800034A3A0 /* Test.swift */; };
		7B94D14054D419239C5A7921 /* libPods.a in Frameworks */ = {isa = PBXBuildFile; fileRef = F2CD1D19D0DEC64F4BADA9FA /* libPods.a */; };
/* End PBXBuildFile section */

/* Begin PBXContainerItemProxy section */
		49827A7D1C81FA980034A3A0 /* PBXContainerItemProxy */ = {
			isa = PBXContainerItemProxy;
			containerPortal = 49827A5B1C81FA980034A3A0 /* Project object */;
			proxyType = 1;
			remoteGlobalIDString = 49827A621C81FA980034A3A0;
			remoteInfo = APITestDemo;
		};
/* End PBXContainerItemProxy section */

/* Begin PBXFileReference section */
		02B94BDABC17D0EBF587AC9C /* Pods-APITestDemo.release.xcconfig */ = {isa = PBXFileReference; includeInIndex = 1; lastKnownFileType = text.xcconfig; name = "Pods-APITestDemo.release.xcconfig"; path = "Pods/Target Support Files/Pods-APITestDemo/Pods-APITestDemo.release.xcconfig"; sourceTree = "<group>"; };
		49827A631C81FA980034A3A0 /* APITestDemo.app */ = {isa = PBXFileReference; explicitFileType = wrapper.application; includeInIndex = 0; path = APITestDemo.app; sourceTree = BUILT_PRODUCTS_DIR; };
		49827A671C81FA980034A3A0 /* main.m */ = {isa = PBXFileReference; lastKnownFileType = sourcecode.c.objc; path = main.m; sourceTree = "<group>"; };
		49827A691C81FA980034A3A0 /* AppDelegate.h */ = {isa = PBXFileReference; lastKnownFileType = sourcecode.c.h; path = AppDelegate.h; sourceTree = "<group>"; };
		49827A6A1C81FA980034A3A0 /* AppDelegate.m */ = {isa = PBXFileReference; lastKnownFileType = sourcecode.c.objc; path = AppDelegate.m; sourceTree = "<group>"; };
		49827A6C1C81FA980034A3A0 /* ViewController.h */ = {isa = PBXFileReference; lastKnownFileType = sourcecode.c.h; path = ViewController.h; sourceTree = "<group>"; };
		49827A6D1C81FA980034A3A0 /* ViewController.m */ = {isa = PBXFileReference; lastKnownFileType = sourcecode.c.objc; path = ViewController.m; sourceTree = "<group>"; };
		49827A701C81FA980034A3A0 /* Base */ = {isa = PBXFileReference; lastKnownFileType = file.storyboard; name = Base; path = Base.lproj/Main.storyboard; sourceTree = "<group>"; };
		49827A721C81FA980034A3A0 /* Assets.xcassets */ = {isa = PBXFileReference; lastKnownFileType = folder.assetcatalog; path = Assets.xcassets; sourceTree = "<group>"; };
		49827A751C81FA980034A3A0 /* Base */ = {isa = PBXFileReference; lastKnownFileType = file.storyboard; name = Base; path = Base.lproj/LaunchScreen.storyboard; sourceTree = "<group>"; };
		49827A771C81FA980034A3A0 /* Info.plist */ = {isa = PBXFileReference; lastKnownFileType = text.plist.xml; path = Info.plist; sourceTree = "<group>"; };
		49827A7C1C81FA980034A3A0 /* APITestDemoTests.xctest */ = {isa = PBXFileReference; explicitFileType = wrapper.cfbundle; includeInIndex = 0; path = APITestDemoTests.xctest; sourceTree = BUILT_PRODUCTS_DIR; };
		49827A821C81FA980034A3A0 /* Info.plist */ = {isa = PBXFileReference; lastKnownFileType = text.plist.xml; path = Info.plist; sourceTree = "<group>"; };
		49827A8F1C81FE830034A3A0 /* DemoAPI.h */ = {isa = PBXFileReference; fileEncoding = 4; lastKnownFileType = sourcecode.c.h; path = DemoAPI.h; sourceTree = "<group>"; };
		49827A901C81FE830034A3A0 /* DemoAPI.m */ = {isa = PBXFileReference; fileEncoding = 4; lastKnownFileType = sourcecode.c.objc; path = DemoAPI.m; sourceTree = "<group>"; };
		49827A921C820B190034A3A0 /* AFNetworkingClient.h */ = {isa = PBXFileReference; fileEncoding = 4; lastKnownFileType = sourcecode.c.h; path = AFNetworkingClient.h; sourceTree = "<group>"; };
		49827A931C820B190034A3A0 /* AFNetworkingClient.m */ = {isa = PBXFileReference; fileEncoding = 4; lastKnownFileType = sourcecode.c.objc; path = AFNetworkingClient.m; sourceTree = "<group>"; };
		49827A951C8216B50034A3A0 /* DemoAPITest.m */ = {isa = PBXFileReference; fileEncoding = 4; lastKnownFileType = sourcecode.c.objc; path = DemoAPITest.m; sourceTree = "<group>"; };
		49827A9B1C82CCF10034A3A0 /* DemoService.h */ = {isa = PBXFileReference; fileEncoding = 4; lastKnownFileType = sourcecode.c.h; path = DemoService.h; sourceTree = "<group>"; };
		49827A9C1C82CCF10034A3A0 /* DemoService.m */ = {isa = PBXFileReference; fileEncoding = 4; lastKnownFileType = sourcecode.c.objc; path = DemoService.m; sourceTree = "<group>"; };
		49827A9E1C82CECC0034A3A0 /* APITestDemo-Bridging-Header.h */ = {isa = PBXFileReference; lastKnownFileType = sourcecode.c.h; path = "APITestDemo-Bridging-Header.h"; sourceTree = "<group>"; };
		49827A9F1C82CECC0034A3A0 /* DemoService_Swift.swift */ = {isa = PBXFileReference; fileEncoding = 4; lastKnownFileType = sourcecode.swift; path = DemoService_Swift.swift; sourceTree = "<group>"; };
		49827AA11C82D1800034A3A0 /* Test.swift */ = {isa = PBXFileReference; fileEncoding = 4; lastKnownFileType = sourcecode.swift; path = Test.swift; sourceTree = "<group>"; };
		7CDE4BC46EBBC8F6D47AF839 /* Pods.debug.xcconfig */ = {isa = PBXFileReference; includeInIndex = 1; lastKnownFileType = text.xcconfig; name = Pods.debug.xcconfig; path = "Pods/Target Support Files/Pods/Pods.debug.xcconfig"; sourceTree = "<group>"; };
		A0AA3A25287B53011EC2A309 /* Pods.mockserver.xcconfig */ = {isa = PBXFileReference; includeInIndex = 1; lastKnownFileType = text.xcconfig; name = Pods.mockserver.xcconfig; path = "Pods/Target Support Files/Pods/Pods.mockserver.xcconfig"; sourceTree = "<group>"; };
		B4088679D7B169840183268F /* Pods.release.xcconfig */ = {isa = PBXFileReference; includeInIndex = 1; lastKnownFileType = text.xcconfig; name = Pods.release.xcconfig; path = "Pods/Target Support Files/Pods/Pods.release.xcconfig"; sourceTree = "<group>"; };
		E7D1AA811AC4E6136C1783C3 /* libPods-APITestDemo.a */ = {isa = PBXFileReference; explicitFileType = archive.ar; includeInIndex = 0; path = "libPods-APITestDemo.a"; sourceTree = BUILT_PRODUCTS_DIR; };
		F2CD1D19D0DEC64F4BADA9FA /* libPods.a */ = {isa = PBXFileReference; explicitFileType = archive.ar; includeInIndex = 0; path = libPods.a; sourceTree = BUILT_PRODUCTS_DIR; };
		FCC3AEE75E1E3D44A74F680D /* Pods-APITestDemo.debug.xcconfig */ = {isa = PBXFileReference; includeInIndex = 1; lastKnownFileType = text.xcconfig; name = "Pods-APITestDemo.debug.xcconfig"; path = "Pods/Target Support Files/Pods-APITestDemo/Pods-APITestDemo.debug.xcconfig"; sourceTree = "<group>"; };
/* End PBXFileReference section */

/* Begin PBXFrameworksBuildPhase section */
		49827A601C81FA980034A3A0 /* Frameworks */ = {
			isa = PBXFrameworksBuildPhase;
			buildActionMask = 2147483647;
			files = (
				7B94D14054D419239C5A7921 /* libPods.a in Frameworks */,
			);
			runOnlyForDeploymentPostprocessing = 0;
		};
		49827A791C81FA980034A3A0 /* Frameworks */ = {
			isa = PBXFrameworksBuildPhase;
			buildActionMask = 2147483647;
			files = (
			);
			runOnlyForDeploymentPostprocessing = 0;
		};
/* End PBXFrameworksBuildPhase section */

/* Begin PBXGroup section */
		49827A5A1C81FA980034A3A0 = {
			isa = PBXGroup;
			children = (
				49827A651C81FA980034A3A0 /* APITestDemo */,
				49827A7F1C81FA980034A3A0 /* APITestDemoTests */,
				49827A641C81FA980034A3A0 /* Products */,
				EC600C8BF4A33E6655D7FDF1 /* Pods */,
				EF38567D23F7A6BB51272077 /* Frameworks */,
			);
			sourceTree = "<group>";
		};
		49827A641C81FA980034A3A0 /* Products */ = {
			isa = PBXGroup;
			children = (
				49827A631C81FA980034A3A0 /* APITestDemo.app */,
				49827A7C1C81FA980034A3A0 /* APITestDemoTests.xctest */,
			);
			name = Products;
			sourceTree = "<group>";
		};
		49827A651C81FA980034A3A0 /* APITestDemo */ = {
			isa = PBXGroup;
			children = (
				49827A9A1C82CCB90034A3A0 /* Services */,
				49827A8B1C81FAB40034A3A0 /* APIs */,
				49827A691C81FA980034A3A0 /* AppDelegate.h */,
				49827A6A1C81FA980034A3A0 /* AppDelegate.m */,
				49827A6C1C81FA980034A3A0 /* ViewController.h */,
				49827A6D1C81FA980034A3A0 /* ViewController.m */,
				49827A6F1C81FA980034A3A0 /* Main.storyboard */,
				49827A721C81FA980034A3A0 /* Assets.xcassets */,
				49827A741C81FA980034A3A0 /* LaunchScreen.storyboard */,
				49827A771C81FA980034A3A0 /* Info.plist */,
				49827A661C81FA980034A3A0 /* Supporting Files */,
			);
			path = APITestDemo;
			sourceTree = "<group>";
		};
		49827A661C81FA980034A3A0 /* Supporting Files */ = {
			isa = PBXGroup;
			children = (
				49827A671C81FA980034A3A0 /* main.m */,
			);
			name = "Supporting Files";
			sourceTree = "<group>";
		};
		49827A7F1C81FA980034A3A0 /* APITestDemoTests */ = {
			isa = PBXGroup;
			children = (
				49827A821C81FA980034A3A0 /* Info.plist */,
				49827A951C8216B50034A3A0 /* DemoAPITest.m */,
			);
			path = APITestDemoTests;
			sourceTree = "<group>";
		};
		49827A8B1C81FAB40034A3A0 /* APIs */ = {
			isa = PBXGroup;
			children = (
				49827A8F1C81FE830034A3A0 /* DemoAPI.h */,
				49827A901C81FE830034A3A0 /* DemoAPI.m */,
				49827A921C820B190034A3A0 /* AFNetworkingClient.h */,
				49827A931C820B190034A3A0 /* AFNetworkingClient.m */,
			);
			name = APIs;
			sourceTree = "<group>";
		};
		49827A9A1C82CCB90034A3A0 /* Services */ = {
			isa = PBXGroup;
			children = (
				49827A9B1C82CCF10034A3A0 /* DemoService.h */,
				49827A9C1C82CCF10034A3A0 /* DemoService.m */,
				49827A9F1C82CECC0034A3A0 /* DemoService_Swift.swift */,
				49827A9E1C82CECC0034A3A0 /* APITestDemo-Bridging-Header.h */,
				49827AA11C82D1800034A3A0 /* Test.swift */,
			);
			name = Services;
			sourceTree = "<group>";
		};
		EC600C8BF4A33E6655D7FDF1 /* Pods */ = {
			isa = PBXGroup;
			children = (
				7CDE4BC46EBBC8F6D47AF839 /* Pods.debug.xcconfig */,
				B4088679D7B169840183268F /* Pods.release.xcconfig */,
				FCC3AEE75E1E3D44A74F680D /* Pods-APITestDemo.debug.xcconfig */,
				02B94BDABC17D0EBF587AC9C /* Pods-APITestDemo.release.xcconfig */,
				A0AA3A25287B53011EC2A309 /* Pods.mockserver.xcconfig */,
			);
			name = Pods;
			sourceTree = "<group>";
		};
		EF38567D23F7A6BB51272077 /* Frameworks */ = {
			isa = PBXGroup;
			children = (
				F2CD1D19D0DEC64F4BADA9FA /* libPods.a */,
				E7D1AA811AC4E6136C1783C3 /* libPods-APITestDemo.a */,
			);
			name = Frameworks;
			sourceTree = "<group>";
		};
/* End PBXGroup section */

/* Begin PBXNativeTarget section */
		49827A621C81FA980034A3A0 /* APITestDemo */ = {
			isa = PBXNativeTarget;
			buildConfigurationList = 49827A851C81FA980034A3A0 /* Build configuration list for PBXNativeTarget "APITestDemo" */;
			buildPhases = (
				63B25A40256E43333F56E5CC /* Check Pods Manifest.lock */,
				49827A5F1C81FA980034A3A0 /* Sources */,
				49827A601C81FA980034A3A0 /* Frameworks */,
				49827A611C81FA980034A3A0 /* Resources */,
				E61E901DEA28B157C8D41BA0 /* Embed Pods Frameworks */,
				3C70117378B0C3D2CE2FA64A /* Copy Pods Resources */,
			);
			buildRules = (
			);
			dependencies = (
			);
			name = APITestDemo;
			productName = APITestDemo;
			productReference = 49827A631C81FA980034A3A0 /* APITestDemo.app */;
			productType = "com.apple.product-type.application";
		};
		49827A7B1C81FA980034A3A0 /* APITestDemoTests */ = {
			isa = PBXNativeTarget;
			buildConfigurationList = 49827A881C81FA980034A3A0 /* Build configuration list for PBXNativeTarget "APITestDemoTests" */;
			buildPhases = (
				49827A781C81FA980034A3A0 /* Sources */,
				49827A791C81FA980034A3A0 /* Frameworks */,
				49827A7A1C81FA980034A3A0 /* Resources */,
			);
			buildRules = (
			);
			dependencies = (
				49827A7E1C81FA980034A3A0 /* PBXTargetDependency */,
			);
			name = APITestDemoTests;
			productName = APITestDemoTests;
			productReference = 49827A7C1C81FA980034A3A0 /* APITestDemoTests.xctest */;
			productType = "com.apple.product-type.bundle.unit-test";
		};
/* End PBXNativeTarget section */

/* Begin PBXProject section */
		49827A5B1C81FA980034A3A0 /* Project object */ = {
			isa = PBXProject;
			attributes = {
				LastUpgradeCheck = 0720;
				ORGANIZATIONNAME = ThoughtWorks;
				TargetAttributes = {
					49827A621C81FA980034A3A0 = {
						CreatedOnToolsVersion = 7.2;
					};
					49827A7B1C81FA980034A3A0 = {
						CreatedOnToolsVersion = 7.2;
						TestTargetID = 49827A621C81FA980034A3A0;
					};
				};
			};
			buildConfigurationList = 49827A5E1C81FA980034A3A0 /* Build configuration list for PBXProject "APITestDemo" */;
			compatibilityVersion = "Xcode 3.2";
			developmentRegion = English;
			hasScannedForEncodings = 0;
			knownRegions = (
				en,
				Base,
			);
			mainGroup = 49827A5A1C81FA980034A3A0;
			productRefGroup = 49827A641C81FA980034A3A0 /* Products */;
			projectDirPath = "";
			projectRoot = "";
			targets = (
				49827A621C81FA980034A3A0 /* APITestDemo */,
				49827A7B1C81FA980034A3A0 /* APITestDemoTests */,
			);
		};
/* End PBXProject section */

/* Begin PBXResourcesBuildPhase section */
		49827A611C81FA980034A3A0 /* Resources */ = {
			isa = PBXResourcesBuildPhase;
			buildActionMask = 2147483647;
			files = (
				49827A761C81FA980034A3A0 /* LaunchScreen.storyboard in Resources */,
				49827A731C81FA980034A3A0 /* Assets.xcassets in Resources */,
				49827A711C81FA980034A3A0 /* Main.storyboard in Resources */,
			);
			runOnlyForDeploymentPostprocessing = 0;
		};
		49827A7A1C81FA980034A3A0 /* Resources */ = {
			isa = PBXResourcesBuildPhase;
			buildActionMask = 2147483647;
			files = (
			);
			runOnlyForDeploymentPostprocessing = 0;
		};
/* End PBXResourcesBuildPhase section */

/* Begin PBXShellScriptBuildPhase section */
		3C70117378B0C3D2CE2FA64A /* Copy Pods Resources */ = {
			isa = PBXShellScriptBuildPhase;
			buildActionMask = 2147483647;
			files = (
			);
			inputPaths = (
			);
			name = "Copy Pods Resources";
			outputPaths = (
			);
			runOnlyForDeploymentPostprocessing = 0;
			shellPath = /bin/sh;
			shellScript = "\"${SRCROOT}/Pods/Target Support Files/Pods/Pods-resources.sh\"\n";
			showEnvVarsInLog = 0;
		};
		63B25A40256E43333F56E5CC /* Check Pods Manifest.lock */ = {
			isa = PBXShellScriptBuildPhase;
			buildActionMask = 2147483647;
			files = (
			);
			inputPaths = (
			);
			name = "Check Pods Manifest.lock";
			outputPaths = (
			);
			runOnlyForDeploymentPostprocessing = 0;
			shellPath = /bin/sh;
			shellScript = "diff \"${PODS_ROOT}/../Podfile.lock\" \"${PODS_ROOT}/Manifest.lock\" > /dev/null\nif [[ $? != 0 ]] ; then\n    cat << EOM\nerror: The sandbox is not in sync with the Podfile.lock. Run 'pod install' or update your CocoaPods installation.\nEOM\n    exit 1\nfi\n";
			showEnvVarsInLog = 0;
		};
		E61E901DEA28B157C8D41BA0 /* Embed Pods Frameworks */ = {
			isa = PBXShellScriptBuildPhase;
			buildActionMask = 2147483647;
			files = (
			);
			inputPaths = (
			);
			name = "Embed Pods Frameworks";
			outputPaths = (
			);
			runOnlyForDeploymentPostprocessing = 0;
			shellPath = /bin/sh;
			shellScript = "\"${SRCROOT}/Pods/Target Support Files/Pods/Pods-frameworks.sh\"\n";
			showEnvVarsInLog = 0;
		};
/* End PBXShellScriptBuildPhase section */

/* Begin PBXSourcesBuildPhase section */
		49827A5F1C81FA980034A3A0 /* Sources */ = {
			isa = PBXSourcesBuildPhase;
			buildActionMask = 2147483647;
			files = (
				49827A6E1C81FA980034A3A0 /* ViewController.m in Sources */,
				49827A911C81FE830034A3A0 /* DemoAPI.m in Sources */,
				49827A9D1C82CCF10034A3A0 /* DemoService.m in Sources */,
				49827AA01C82CECC0034A3A0 /* DemoService_Swift.swift in Sources */,
				49827A6B1C81FA980034A3A0 /* AppDelegate.m in Sources */,
				49827AA21C82D1800034A3A0 /* Test.swift in Sources */,
				49827A681C81FA980034A3A0 /* main.m in Sources */,
				49827A941C820B190034A3A0 /* AFNetworkingClient.m in Sources */,
			);
			runOnlyForDeploymentPostprocessing = 0;
		};
		49827A781C81FA980034A3A0 /* Sources */ = {
			isa = PBXSourcesBuildPhase;
			buildActionMask = 2147483647;
			files = (
				49827A961C8216B50034A3A0 /* DemoAPITest.m in Sources */,
			);
			runOnlyForDeploymentPostprocessing = 0;
		};
/* End PBXSourcesBuildPhase section */

/* Begin PBXTargetDependency section */
		49827A7E1C81FA980034A3A0 /* PBXTargetDependency */ = {
			isa = PBXTargetDependency;
			target = 49827A621C81FA980034A3A0 /* APITestDemo */;
			targetProxy = 49827A7D1C81FA980034A3A0 /* PBXContainerItemProxy */;
		};
/* End PBXTargetDependency section */

/* Begin PBXVariantGroup section */
		49827A6F1C81FA980034A3A0 /* Main.storyboard */ = {
			isa = PBXVariantGroup;
			children = (
				49827A701C81FA980034A3A0 /* Base */,
			);
			name = Main.storyboard;
			sourceTree = "<group>";
		};
		49827A741C81FA980034A3A0 /* LaunchScreen.storyboard */ = {
			isa = PBXVariantGroup;
			children = (
				49827A751C81FA980034A3A0 /* Base */,
			);
			name = LaunchScreen.storyboard;
			sourceTree = "<group>";
		};
/* End PBXVariantGroup section */

/* Begin XCBuildConfiguration section */
		49827A831C81FA980034A3A0 /* Debug */ = {
			isa = XCBuildConfiguration;
			buildSettings = {
				ALWAYS_SEARCH_USER_PATHS = NO;
				API_BASE_URL = "http://api.openweathermap.org/";
				CLANG_CXX_LANGUAGE_STANDARD = "gnu++0x";
				CLANG_CXX_LIBRARY = "libc++";
				CLANG_ENABLE_MODULES = YES;
				CLANG_ENABLE_OBJC_ARC = YES;
				CLANG_WARN_BOOL_CONVERSION = YES;
				CLANG_WARN_CONSTANT_CONVERSION = YES;
				CLANG_WARN_DIRECT_OBJC_ISA_USAGE = YES_ERROR;
				CLANG_WARN_EMPTY_BODY = YES;
				CLANG_WARN_ENUM_CONVERSION = YES;
				CLANG_WARN_INT_CONVERSION = YES;
				CLANG_WARN_OBJC_ROOT_CLASS = YES_ERROR;
				CLANG_WARN_UNREACHABLE_CODE = YES;
				CLANG_WARN__DUPLICATE_METHOD_MATCH = YES;
				"CODE_SIGN_IDENTITY[sdk=iphoneos*]" = "iPhone Developer";
				COPY_PHASE_STRIP = NO;
				DEBUG_INFORMATION_FORMAT = dwarf;
				DEFINES_MODULE = YES;
				ENABLE_STRICT_OBJC_MSGSEND = YES;
				ENABLE_TESTABILITY = YES;
				GCC_C_LANGUAGE_STANDARD = gnu99;
				GCC_DYNAMIC_NO_PIC = NO;
				GCC_NO_COMMON_BLOCKS = YES;
				GCC_OPTIMIZATION_LEVEL = 0;
				GCC_PREPROCESSOR_DEFINITIONS = (
					"DEBUG=1",
					"$(inherited)",
				);
				GCC_WARN_64_TO_32_BIT_CONVERSION = YES;
				GCC_WARN_ABOUT_RETURN_TYPE = YES_ERROR;
				GCC_WARN_UNDECLARED_SELECTOR = YES;
				GCC_WARN_UNINITIALIZED_AUTOS = YES_AGGRESSIVE;
				GCC_WARN_UNUSED_FUNCTION = YES;
				GCC_WARN_UNUSED_VARIABLE = YES;
				IPHONEOS_DEPLOYMENT_TARGET = 9.2;
				MTL_ENABLE_DEBUG_INFO = YES;
				ONLY_ACTIVE_ARCH = YES;
				PRODUCT_MODULE_NAME = APITestDemo;
				SDKROOT = iphoneos;
			};
			name = Debug;
		};
		49827A841C81FA980034A3A0 /* Release */ = {
			isa = XCBuildConfiguration;
			buildSettings = {
				ALWAYS_SEARCH_USER_PATHS = NO;
				API_BASE_URL = "http://api.openweathermap.org/";
				CLANG_CXX_LANGUAGE_STANDARD = "gnu++0x";
				CLANG_CXX_LIBRARY = "libc++";
				CLANG_ENABLE_MODULES = YES;
				CLANG_ENABLE_OBJC_ARC = YES;
				CLANG_WARN_BOOL_CONVERSION = YES;
				CLANG_WARN_CONSTANT_CONVERSION = YES;
				CLANG_WARN_DIRECT_OBJC_ISA_USAGE = YES_ERROR;
				CLANG_WARN_EMPTY_BODY = YES;
				CLANG_WARN_ENUM_CONVERSION = YES;
				CLANG_WARN_INT_CONVERSION = YES;
				CLANG_WARN_OBJC_ROOT_CLASS = YES_ERROR;
				CLANG_WARN_UNREACHABLE_CODE = YES;
				CLANG_WARN__DUPLICATE_METHOD_MATCH = YES;
				"CODE_SIGN_IDENTITY[sdk=iphoneos*]" = "iPhone Developer";
				COPY_PHASE_STRIP = NO;
				DEBUG_INFORMATION_FORMAT = "dwarf-with-dsym";
				DEFINES_MODULE = YES;
				ENABLE_NS_ASSERTIONS = NO;
				ENABLE_STRICT_OBJC_MSGSEND = YES;
				GCC_C_LANGUAGE_STANDARD = gnu99;
				GCC_NO_COMMON_BLOCKS = YES;
				GCC_WARN_64_TO_32_BIT_CONVERSION = YES;
				GCC_WARN_ABOUT_RETURN_TYPE = YES_ERROR;
				GCC_WARN_UNDECLARED_SELECTOR = YES;
				GCC_WARN_UNINITIALIZED_AUTOS = YES_AGGRESSIVE;
				GCC_WARN_UNUSED_FUNCTION = YES;
				GCC_WARN_UNUSED_VARIABLE = YES;
				IPHONEOS_DEPLOYMENT_TARGET = 9.2;
				MTL_ENABLE_DEBUG_INFO = NO;
				PRODUCT_MODULE_NAME = APITestDemo;
				SDKROOT = iphoneos;
				VALIDATE_PRODUCT = YES;
			};
			name = Release;
		};
		49827A861C81FA980034A3A0 /* Debug */ = {
			isa = XCBuildConfiguration;
			baseConfigurationReference = 7CDE4BC46EBBC8F6D47AF839 /* Pods.debug.xcconfig */;
			buildSettings = {
				ASSETCATALOG_COMPILER_APPICON_NAME = AppIcon;
				CLANG_ENABLE_MODULES = YES;
				INFOPLIST_FILE = APITestDemo/Info.plist;
				LD_RUNPATH_SEARCH_PATHS = "$(inherited) @executable_path/Frameworks";
				PRODUCT_BUNDLE_IDENTIFIER = YQ.APITestDemo;
				PRODUCT_NAME = "$(TARGET_NAME)";
				SWIFT_OBJC_BRIDGING_HEADER = "APITestDemo/APITestDemo-Bridging-Header.h";
				SWIFT_OPTIMIZATION_LEVEL = "-Onone";
			};
			name = Debug;
		};
		49827A871C81FA980034A3A0 /* Release */ = {
			isa = XCBuildConfiguration;
			baseConfigurationReference = B4088679D7B169840183268F /* Pods.release.xcconfig */;
			buildSettings = {
				ASSETCATALOG_COMPILER_APPICON_NAME = AppIcon;
				CLANG_ENABLE_MODULES = YES;
				INFOPLIST_FILE = APITestDemo/Info.plist;
				LD_RUNPATH_SEARCH_PATHS = "$(inherited) @executable_path/Frameworks";
				PRODUCT_BUNDLE_IDENTIFIER = YQ.APITestDemo;
				PRODUCT_NAME = "$(TARGET_NAME)";
				SWIFT_OBJC_BRIDGING_HEADER = "APITestDemo/APITestDemo-Bridging-Header.h";
			};
			name = Release;
		};
		49827A891C81FA980034A3A0 /* Debug */ = {
			isa = XCBuildConfiguration;
			baseConfigurationReference = 7CDE4BC46EBBC8F6D47AF839 /* Pods.debug.xcconfig */;
			buildSettings = {
				BUNDLE_LOADER = "$(TEST_HOST)";
				INFOPLIST_FILE = APITestDemoTests/Info.plist;
				LD_RUNPATH_SEARCH_PATHS = "$(inherited) @executable_path/Frameworks @loader_path/Frameworks";
				PRODUCT_BUNDLE_IDENTIFIER = YQ.APITestDemoTests;
				PRODUCT_NAME = "$(TARGET_NAME)";
				TEST_HOST = "$(BUILT_PRODUCTS_DIR)/APITestDemo.app/APITestDemo";
			};
			name = Debug;
		};
		49827A8A1C81FA980034A3A0 /* Release */ = {
			isa = XCBuildConfiguration;
			buildSettings = {
				BUNDLE_LOADER = "$(TEST_HOST)";
				INFOPLIST_FILE = APITestDemoTests/Info.plist;
				LD_RUNPATH_SEARCH_PATHS = "$(inherited) @executable_path/Frameworks @loader_path/Frameworks";
				PRODUCT_BUNDLE_IDENTIFIER = YQ.APITestDemoTests;
				PRODUCT_NAME = "$(TARGET_NAME)";
				TEST_HOST = "$(BUILT_PRODUCTS_DIR)/APITestDemo.app/APITestDemo";
			};
			name = Release;
		};
		49827AA61C8321A00034A3A0 /* MockServer */ = {
			isa = XCBuildConfiguration;
			buildSettings = {
				ALWAYS_SEARCH_USER_PATHS = NO;
				API_BASE_URL = "http://api.openweathermap.org/Test";
				CLANG_CXX_LANGUAGE_STANDARD = "gnu++0x";
				CLANG_CXX_LIBRARY = "libc++";
				CLANG_ENABLE_MODULES = YES;
				CLANG_ENABLE_OBJC_ARC = YES;
				CLANG_WARN_BOOL_CONVERSION = YES;
				CLANG_WARN_CONSTANT_CONVERSION = YES;
				CLANG_WARN_DIRECT_OBJC_ISA_USAGE = YES_ERROR;
				CLANG_WARN_EMPTY_BODY = YES;
				CLANG_WARN_ENUM_CONVERSION = YES;
				CLANG_WARN_INT_CONVERSION = YES;
				CLANG_WARN_OBJC_ROOT_CLASS = YES_ERROR;
				CLANG_WARN_UNREACHABLE_CODE = YES;
				CLANG_WARN__DUPLICATE_METHOD_MATCH = YES;
				"CODE_SIGN_IDENTITY[sdk=iphoneos*]" = "iPhone Developer";
				COPY_PHASE_STRIP = NO;
				DEBUG_INFORMATION_FORMAT = dwarf;
				DEFINES_MODULE = YES;
				ENABLE_STRICT_OBJC_MSGSEND = YES;
				ENABLE_TESTABILITY = YES;
				GCC_C_LANGUAGE_STANDARD = gnu99;
				GCC_DYNAMIC_NO_PIC = NO;
				GCC_NO_COMMON_BLOCKS = YES;
				GCC_OPTIMIZATION_LEVEL = 0;
				GCC_PREPROCESSOR_DEFINITIONS = (
					"DEBUG=1",
					"$(inherited)",
				);
				GCC_WARN_64_TO_32_BIT_CONVERSION = YES;
				GCC_WARN_ABOUT_RETURN_TYPE = YES_ERROR;
				GCC_WARN_UNDECLARED_SELECTOR = YES;
				GCC_WARN_UNINITIALIZED_AUTOS = YES_AGGRESSIVE;
				GCC_WARN_UNUSED_FUNCTION = YES;
				GCC_WARN_UNUSED_VARIABLE = YES;
				IPHONEOS_DEPLOYMENT_TARGET = 9.2;
				MTL_ENABLE_DEBUG_INFO = YES;
				ONLY_ACTIVE_ARCH = YES;
				PRODUCT_MODULE_NAME = APITestDemo;
				SDKROOT = iphoneos;
			};
			name = MockServer;
		};
		49827AA71C8321A00034A3A0 /* MockServer */ = {
			isa = XCBuildConfiguration;
			baseConfigurationReference = A0AA3A25287B53011EC2A309 /* Pods.mockserver.xcconfig */;
			buildSettings = {
				ASSETCATALOG_COMPILER_APPICON_NAME = AppIcon;
				CLANG_ENABLE_MODULES = YES;
				INFOPLIST_FILE = APITestDemo/Info.plist;
				LD_RUNPATH_SEARCH_PATHS = "$(inherited) @executable_path/Frameworks";
				PRODUCT_BUNDLE_IDENTIFIER = YQ.APITestDemo;
				PRODUCT_NAME = "$(TARGET_NAME)";
				SWIFT_OBJC_BRIDGING_HEADER = "APITestDemo/APITestDemo-Bridging-Header.h";
				SWIFT_OPTIMIZATION_LEVEL = "-Onone";
			};
			name = MockServer;
		};
		49827AA81C8321A00034A3A0 /* MockServer */ = {
			isa = XCBuildConfiguration;
			baseConfigurationReference = A0AA3A25287B53011EC2A309 /* Pods.mockserver.xcconfig */;
			buildSettings = {
				BUNDLE_LOADER = "$(TEST_HOST)";
				INFOPLIST_FILE = APITestDemoTests/Info.plist;
				LD_RUNPATH_SEARCH_PATHS = "$(inherited) @executable_path/Frameworks @loader_path/Frameworks";
				PRODUCT_BUNDLE_IDENTIFIER = YQ.APITestDemoTests;
				PRODUCT_NAME = "$(TARGET_NAME)";
				TEST_HOST = "$(BUILT_PRODUCTS_DIR)/APITestDemo.app/APITestDemo";
			};
			name = MockServer;
		};
/* End XCBuildConfiguration section */

/* Begin XCConfigurationList section */
		49827A5E1C81FA980034A3A0 /* Build configuration list for PBXProject "APITestDemo" */ = {
			isa = XCConfigurationList;
			buildConfigurations = (
				49827A831C81FA980034A3A0 /* Debug */,
				49827AA61C8321A00034A3A0 /* MockServer */,
				49827A841C81FA980034A3A0 /* Release */,
			);
			defaultConfigurationIsVisible = 0;
			defaultConfigurationName = Release;
		};
		49827A851C81FA980034A3A0 /* Build configuration list for PBXNativeTarget "APITestDemo" */ = {
			isa = XCConfigurationList;
			buildConfigurations = (
				49827A861C81FA980034A3A0 /* Debug */,
				49827AA71C8321A00034A3A0 /* MockServer */,
				49827A871C81FA980034A3A0 /* Release */,
			);
			defaultConfigurationIsVisible = 0;
			defaultConfigurationName = Release;
		};
		49827A881C81FA980034A3A0 /* Build configuration list for PBXNativeTarget "APITestDemoTests" */ = {
			isa = XCConfigurationList;
			buildConfigurations = (
				49827A891C81FA980034A3A0 /* Debug */,
				49827AA81C8321A00034A3A0 /* MockServer */,
				49827A8A1C81FA980034A3A0 /* Release */,
			);
			defaultConfigurationIsVisible = 0;
			defaultConfigurationName = Release;
		};
/* End XCConfigurationList section */
	};
	rootObject = 49827A5B1C81FA980034A3A0 /* Project object */;
}
